
Microsoft Visual Studio Solution File, Format Version 12.00
# Visual Studio Version 17
VisualStudioVersion = 17.7.34003.232
MinimumVisualStudioVersion = 10.0.40219.1
Project("{54A90642-561A-4BB1-A94E-469ADEE60C69}") = "ngDIPS_SAP", "ngDIPS_SAP.esproj", "{1AE8D100-5AD6-495D-AF27-55F4D8CA219F}"
EndProject
Project("{FAE04EC0-301F-11D3-BF4B-00C04F79EFBC}") = "DIPS", "..\ngDIPS_API\DIPS.API\DIPS.csproj", "{39B8145C-6D71-45C6-8D13-5934556615D2}"
EndProject
Global
	GlobalSection(SolutionConfigurationPlatforms) = preSolution
		Debug|Any CPU = Debug|Any CPU
		Release|Any CPU = Release|Any CPU
	EndGlobalSection
	GlobalSection(ProjectConfigurationPlatforms) = postSolution
		{1AE8D100-5AD6-495D-AF27-55F4D8CA219F}.Debug|Any CPU.ActiveCfg = Debug|Any CPU
		{1AE8D100-5AD6-495D-AF27-55F4D8CA219F}.Debug|Any CPU.Build.0 = Debug|Any CPU
		{1AE8D100-5AD6-495D-AF27-55F4D8CA219F}.Debug|Any CPU.Deploy.0 = Debug|Any CPU
		{1AE8D100-5AD6-495D-AF27-55F4D8CA219F}.Release|Any CPU.ActiveCfg = Release|Any CPU
		{1AE8D100-5AD6-495D-AF27-55F4D8CA219F}.Release|Any CPU.Build.0 = Release|Any CPU
		{1AE8D100-5AD6-495D-AF27-55F4D8CA219F}.Release|Any CPU.Deploy.0 = Release|Any CPU
		{39B8145C-6D71-45C6-8D13-5934556615D2}.Debug|Any CPU.ActiveCfg = Debug|Any CPU
		{39B8145C-6D71-45C6-8D13-5934556615D2}.Debug|Any CPU.Build.0 = Debug|Any CPU
		{39B8145C-6D71-45C6-8D13-5934556615D2}.Release|Any CPU.ActiveCfg = Release|Any CPU
		{39B8145C-6D71-45C6-8D13-5934556615D2}.Release|Any CPU.Build.0 = Release|Any CPU
	EndGlobalSection
	GlobalSection(SolutionProperties) = preSolution
		HideSolutionNode = FALSE
	EndGlobalSection
	GlobalSection(ExtensibilityGlobals) = postSolution
		SolutionGuid = {1F303308-58AA-4F62-A635-4C97014C7A85}
	EndGlobalSection
	GlobalSection(TeamFoundationVersionControl) = preSolution
		SccNumberOfProjects = 3
		SccEnterpriseProvider = {4CA58AB2-18FA-4F8D-95D4-32DDF27D184C}
		SccTeamFoundationServer = http://ptabrtfs01:8080/tfs/sarscollection
		SccLocalPath0 = .
		SccProjectUniqueName1 = ngDIPS_SAP.esproj
		SccLocalPath1 = .
		SccProjectUniqueName2 = ..\\ngDIPS_API\\DIPS.API\\DIPS.csproj
		SccProjectName2 = ../ngDIPS_API/DIPS.API
		SccLocalPath2 = ..\\ngDIPS_API\\DIPS.API
	EndGlobalSection
EndGlobal
